
Microsoft Visual Studio Solution File, Format Version 12.00
# Visual Studio Version 16
VisualStudioVersion = 16.6.30114.105
MinimumVisualStudioVersion = 10.0.40219.1
Project("{FAE04EC0-301F-11D3-BF4B-00C04F79EFBC}") = "RandalsVideoStore.API", "RandalsVideoStore.API\RandalsVideoStore.API.csproj", "{AF70CB17-27CD-46AD-B438-E41E82AB5A14}"
EndProject
Project("{FAE04EC0-301F-11D3-BF4B-00C04F79EFBC}") = "RandalsVideoStore.Tests", "RandalsVideoStore.Tests\RandalsVideoStore.Tests.csproj", "{F5E2C468-9D97-4FE9-B334-B907C85CCAFA}"
EndProject
Global
	GlobalSection(SolutionConfigurationPlatforms) = preSolution
		Debug|Any CPU = Debug|Any CPU
		Debug|x64 = Debug|x64
		Debug|x86 = Debug|x86
		Release|Any CPU = Release|Any CPU
		Release|x64 = Release|x64
		Release|x86 = Release|x86
	EndGlobalSection
	GlobalSection(SolutionProperties) = preSolution
		HideSolutionNode = FALSE
	EndGlobalSection
	GlobalSection(ProjectConfigurationPlatforms) = postSolution
		{AF70CB17-27CD-46AD-B438-E41E82AB5A14}.Debug|Any CPU.ActiveCfg = Debug|Any CPU
		{AF70CB17-27CD-46AD-B438-E41E82AB5A14}.Debug|Any CPU.Build.0 = Debug|Any CPU
		{AF70CB17-27CD-46AD-B438-E41E82AB5A14}.Debug|x64.ActiveCfg = Debug|Any CPU
		{AF70CB17-27CD-46AD-B438-E41E82AB5A14}.Debug|x64.Build.0 = Debug|Any CPU
		{AF70CB17-27CD-46AD-B438-E41E82AB5A14}.Debug|x86.ActiveCfg = Debug|Any CPU
		{AF70CB17-27CD-46AD-B438-E41E82AB5A14}.Debug|x86.Build.0 = Debug|Any CPU
		{AF70CB17-27CD-46AD-B438-E41E82AB5A14}.Release|Any CPU.ActiveCfg = Release|Any CPU
		{AF70CB17-27CD-46AD-B438-E41E82AB5A14}.Release|Any CPU.Build.0 = Release|Any CPU
		{AF70CB17-27CD-46AD-B438-E41E82AB5A14}.Release|x64.ActiveCfg = Release|Any CPU
		{AF70CB17-27CD-46AD-B438-E41E82AB5A14}.Release|x64.Build.0 = Release|Any CPU
		{AF70CB17-27CD-46AD-B438-E41E82AB5A14}.Release|x86.ActiveCfg = Release|Any CPU
		{AF70CB17-27CD-46AD-B438-E41E82AB5A14}.Release|x86.Build.0 = Release|Any CPU
		{F5E2C468-9D97-4FE9-B334-B907C85CCAFA}.Debug|Any CPU.ActiveCfg = Debug|Any CPU
		{F5E2C468-9D97-4FE9-B334-B907C85CCAFA}.Debug|Any CPU.Build.0 = Debug|Any CPU
		{F5E2C468-9D97-4FE9-B334-B907C85CCAFA}.Debug|x64.ActiveCfg = Debug|Any CPU
		{F5E2C468-9D97-4FE9-B334-B907C85CCAFA}.Debug|x64.Build.0 = Debug|Any CPU
		{F5E2C468-9D97-4FE9-B334-B907C85CCAFA}.Debug|x86.ActiveCfg = Debug|Any CPU
		{F5E2C468-9D97-4FE9-B334-B907C85CCAFA}.Debug|x86.Build.0 = Debug|Any CPU
		{F5E2C468-9D97-4FE9-B334-B907C85CCAFA}.Release|Any CPU.ActiveCfg = Release|Any CPU
		{F5E2C468-9D97-4FE9-B334-B907C85CCAFA}.Release|Any CPU.Build.0 = Release|Any CPU
		{F5E2C468-9D97-4FE9-B334-B907C85CCAFA}.Release|x64.ActiveCfg = Release|Any CPU
		{F5E2C468-9D97-4FE9-B334-B907C85CCAFA}.Release|x64.Build.0 = Release|Any CPU
		{F5E2C468-9D97-4FE9-B334-B907C85CCAFA}.Release|x86.ActiveCfg = Release|Any CPU
		{F5E2C468-9D97-4FE9-B334-B907C85CCAFA}.Release|x86.Build.0 = Release|Any CPU
	EndGlobalSection
EndGlobal
